
Microsoft Visual Studio Solution File, Format Version 12.00
# Visual Studio 14
VisualStudioVersion = 14.0.23107.0
MinimumVisualStudioVersion = 10.0.40219.1
Project("{FAE04EC0-301F-11D3-BF4B-00C04F79EFBC}") = "Chameleon", "Chameleon\Chameleon.csproj", "{FDED87EC-F40E-41E5-8630-3EFACD7B1FD5}"
EndProject
Global
	GlobalSection(SolutionConfigurationPlatforms) = preSolution
		Debug|Any CPU = Debug|Any CPU
		Release|Any CPU = Release|Any CPU
	EndGlobalSection
	GlobalSection(ProjectConfigurationPlatforms) = postSolution
		{FDED87EC-F40E-41E5-8630-3EFACD7B1FD5}.Debug|Any CPU.ActiveCfg = Debug|Any CPU
		{FDED87EC-F40E-41E5-8630-3EFACD7B1FD5}.Debug|Any CPU.Build.0 = Debug|Any CPU
		{FDED87EC-F40E-41E5-8630-3EFACD7B1FD5}.Release|Any CPU.ActiveCfg = Release|Any CPU
		{FDED87EC-F40E-41E5-8630-3EFACD7B1FD5}.Release|Any CPU.Build.0 = Release|Any CPU
	EndGlobalSection
	GlobalSection(SolutionProperties) = preSolution
		HideSolutionNode = FALSE
	EndGlobalSection
EndGlobal
